
Microsoft Visual Studio Solution File, Format Version 12.00
# Visual Studio Version 17
VisualStudioVersion = 17.5.33627.172
MinimumVisualStudioVersion = 10.0.40219.1
Project("{9A19103F-16F7-4668-BE54-9A1E7A4F7556}") = "csharp", "csharp.csproj", "{86577B24-680F-46B7-A7C2-C5643465D0BB}"
EndProject
Global
	GlobalSection(SolutionConfigurationPlatforms) = preSolution
		Debug|Any CPU = Debug|Any CPU
		Release|Any CPU = Release|Any CPU
	EndGlobalSection
	GlobalSection(ProjectConfigurationPlatforms) = postSolution
		{86577B24-680F-46B7-A7C2-C5643465D0BB}.Debug|Any CPU.ActiveCfg = Debug|Any CPU
		{86577B24-680F-46B7-A7C2-C5643465D0BB}.Debug|Any CPU.Build.0 = Debug|Any CPU
		{86577B24-680F-46B7-A7C2-C5643465D0BB}.Release|Any CPU.ActiveCfg = Release|Any CPU
		{86577B24-680F-46B7-A7C2-C5643465D0BB}.Release|Any CPU.Build.0 = Release|Any CPU
	EndGlobalSection
	GlobalSection(SolutionProperties) = preSolution
		HideSolutionNode = FALSE
	EndGlobalSection
	GlobalSection(ExtensibilityGlobals) = postSolution
		SolutionGuid = {4873EE3F-AD3A-4C2A-9BE8-AC2BAC77E615}
	EndGlobalSection
EndGlobal
