
Microsoft Visual Studio Solution File, Format Version 12.00
# Visual Studio Version 17
VisualStudioVersion = 17.14.36203.30 d17.14
MinimumVisualStudioVersion = 10.0.40219.1
Project("{FAE04EC0-301F-11D3-BF4B-00C04F79EFBC}") = "ProcedualGeneration.Map.Cli", "ProcedualGeneration.Map.Cli\ProcedualGeneration.Map.Cli.csproj", "{DB3F7BA0-CE72-4B8F-9FF5-CA4A8C04B6F6}"
EndProject
Global
	GlobalSection(SolutionConfigurationPlatforms) = preSolution
		Debug|Any CPU = Debug|Any CPU
		Release|Any CPU = Release|Any CPU
	EndGlobalSection
	GlobalSection(ProjectConfigurationPlatforms) = postSolution
		{DB3F7BA0-CE72-4B8F-9FF5-CA4A8C04B6F6}.Debug|Any CPU.ActiveCfg = Debug|Any CPU
		{DB3F7BA0-CE72-4B8F-9FF5-CA4A8C04B6F6}.Debug|Any CPU.Build.0 = Debug|Any CPU
		{DB3F7BA0-CE72-4B8F-9FF5-CA4A8C04B6F6}.Release|Any CPU.ActiveCfg = Release|Any CPU
		{DB3F7BA0-CE72-4B8F-9FF5-CA4A8C04B6F6}.Release|Any CPU.Build.0 = Release|Any CPU
	EndGlobalSection
	GlobalSection(SolutionProperties) = preSolution
		HideSolutionNode = FALSE
	EndGlobalSection
	GlobalSection(ExtensibilityGlobals) = postSolution
		SolutionGuid = {FF89915C-DAD2-4830-8858-035CEE61866E}
	EndGlobalSection
EndGlobal
